// !$*UTF8*$!
{
	archiveVersion = 1;
	classes = {
	};
	objectVersion = 77;
	objects = {

/* Begin PBXBuildFile section */
		9C35F6F22E70B349006EC7E2 /* ContentView.swift in Sources */ = {isa = PBXBuildFile; fileRef = 9C35F6F12E70B349006EC7E2 /* ContentView.swift */; };
		9C35F71F2E70B459006EC7E2 /* WeeklyPlannerView.swift in Sources */ = {isa = PBXBuildFile; fileRef = 9C35F71E2E70B452006EC7E2 /* WeeklyPlannerView.swift */; };
		9C3BE2CF2E75F15300A00C25 /* WeeklyPlan.swift in Sources */ = {isa = PBXBuildFile; fileRef = 9C3BE2CE2E75F14B00A00C25 /* WeeklyPlan.swift */; };
		9C3C9B442EB17DB800BFA20D /* WorkoutSessionView.swift in Sources */ = {isa = PBXBuildFile; fileRef = 9C3C9B432EB17DB000BFA20D /* WorkoutSessionView.swift */; };
		9C7A69982E8F062200BA5C4C /* AtlasTabRoot.swift in Sources */ = {isa = PBXBuildFile; fileRef = 9C7A69972E8F061D00BA5C4C /* AtlasTabRoot.swift */; };
		9C85FF312E7340480085CEC1 /* WelcomeView.swift in Sources */ = {isa = PBXBuildFile; fileRef = 9C85FF302E7340420085CEC1 /* WelcomeView.swift */; };
		9C85FF332E7340520085CEC1 /* OnboardingFlowView.swift in Sources */ = {isa = PBXBuildFile; fileRef = 9C85FF322E73404B0085CEC1 /* OnboardingFlowView.swift */; };
		9C85FF352E73405B0085CEC1 /* LoginView.swift in Sources */ = {isa = PBXBuildFile; fileRef = 9C85FF342E7340580085CEC1 /* LoginView.swift */; };
		9C85FF3B2E7340C80085CEC1 /* EditProfileView.swift in Sources */ = {isa = PBXBuildFile; fileRef = 9C85FF3A2E7340C80085CEC1 /* EditProfileView.swift */; };
		9C85FF442E73458F0085CEC1 /* Models.swift in Sources */ = {isa = PBXBuildFile; fileRef = 9C85FF2E2E7340280085CEC1 /* Models.swift */; };
		9C85FF452E73459A0085CEC1 /* OnboardingViewModel.swift in Sources */ = {isa = PBXBuildFile; fileRef = 9C85FF2F2E7340360085CEC1 /* OnboardingViewModel.swift */; };
		9C85FF472E73499E0085CEC1 /* EditProfileViewModel.swift in Sources */ = {isa = PBXBuildFile; fileRef = 9C85FF462E7349970085CEC1 /* EditProfileViewModel.swift */; };
		9C85FF4C2E734FAD0085CEC1 /* WorkoutModels.swift in Sources */ = {isa = PBXBuildFile; fileRef = 9C85FF4B2E734FA50085CEC1 /* WorkoutModels.swift */; };
		9C85FF512E734FE50085CEC1 /* StartWorkoutViewModel.swift in Sources */ = {isa = PBXBuildFile; fileRef = 9C85FF502E734FDE0085CEC1 /* StartWorkoutViewModel.swift */; };
		9C85FF532E7350090085CEC1 /* ProgressViewModel.swift in Sources */ = {isa = PBXBuildFile; fileRef = 9C85FF522E734FF90085CEC1 /* ProgressViewModel.swift */; };
		9C85FF552E7350330085CEC1 /* StartWorkoutView.swift in Sources */ = {isa = PBXBuildFile; fileRef = 9C85FF542E73502A0085CEC1 /* StartWorkoutView.swift */; };
		9C85FF572E73504D0085CEC1 /* ProgressDashboardView.swift in Sources */ = {isa = PBXBuildFile; fileRef = 9C85FF562E7350440085CEC1 /* ProgressDashboardView.swift */; };
		9CC5327B2E834C180018BFED /* OnboardingExperienceMatrixView.swift in Sources */ = {isa = PBXBuildFile; fileRef = 9CC5327A2E834C0B0018BFED /* OnboardingExperienceMatrixView.swift */; };
		CCC5A44AC889468EB63BB4C6D2738959 /* WeekPlanGrid.swift in Sources */ = {isa = PBXBuildFile; fileRef = 17B76B2EBA2A4805B54FE04AB364CB17 /* WeekPlanGrid.swift */; };
/* End PBXBuildFile section */

/* Begin PBXContainerItemProxy section */
		9C35F6FD2E70B34A006EC7E2 /* PBXContainerItemProxy */ = {
			isa = PBXContainerItemProxy;
			containerPortal = 9C35F6E42E70B349006EC7E2 /* Project object */;
			proxyType = 1;
			remoteGlobalIDString = 9C35F6EB2E70B349006EC7E2;
			remoteInfo = REPS;
		};
		9C35F7072E70B34A006EC7E2 /* PBXContainerItemProxy */ = {
			isa = PBXContainerItemProxy;
			containerPortal = 9C35F6E42E70B349006EC7E2 /* Project object */;
			proxyType = 1;
			remoteGlobalIDString = 9C35F6EB2E70B349006EC7E2;
			remoteInfo = REPS;
		};
/* End PBXContainerItemProxy section */

/* Begin PBXFileReference section */
		17B76B2EBA2A4805B54FE04AB364CB17 /* WeekPlanGrid.swift */ = {isa = PBXFileReference; lastKnownFileType = sourcecode.swift; path = WeekPlanGrid.swift; sourceTree = "<group>"; };
		9C35F6EC2E70B349006EC7E2 /* REPS.app */ = {isa = PBXFileReference; explicitFileType = wrapper.application; includeInIndex = 0; path = REPS.app; sourceTree = BUILT_PRODUCTS_DIR; };
		9C35F6F12E70B349006EC7E2 /* ContentView.swift */ = {isa = PBXFileReference; lastKnownFileType = sourcecode.swift; path = ContentView.swift; sourceTree = "<group>"; };
		9C35F6FC2E70B34A006EC7E2 /* REPSTests.xctest */ = {isa = PBXFileReference; explicitFileType = wrapper.cfbundle; includeInIndex = 0; path = REPSTests.xctest; sourceTree = BUILT_PRODUCTS_DIR; };
		9C35F7062E70B34A006EC7E2 /* REPSUITests.xctest */ = {isa = PBXFileReference; explicitFileType = wrapper.cfbundle; includeInIndex = 0; path = REPSUITests.xctest; sourceTree = BUILT_PRODUCTS_DIR; };
		9C35F71E2E70B452006EC7E2 /* WeeklyPlannerView.swift */ = {isa = PBXFileReference; lastKnownFileType = sourcecode.swift; path = WeeklyPlannerView.swift; sourceTree = "<group>"; };
		9C3BE2CE2E75F14B00A00C25 /* WeeklyPlan.swift */ = {isa = PBXFileReference; lastKnownFileType = sourcecode.swift; path = WeeklyPlan.swift; sourceTree = "<group>"; };
		9C3C9B432EB17DB000BFA20D /* WorkoutSessionView.swift */ = {isa = PBXFileReference; lastKnownFileType = sourcecode.swift; path = WorkoutSessionView.swift; sourceTree = "<group>"; };
		9C7A69972E8F061D00BA5C4C /* AtlasTabRoot.swift */ = {isa = PBXFileReference; lastKnownFileType = sourcecode.swift; path = AtlasTabRoot.swift; sourceTree = "<group>"; };
		9C85FF2E2E7340280085CEC1 /* Models.swift */ = {isa = PBXFileReference; lastKnownFileType = sourcecode.swift; path = Models.swift; sourceTree = "<group>"; };
		9C85FF2F2E7340360085CEC1 /* OnboardingViewModel.swift */ = {isa = PBXFileReference; lastKnownFileType = sourcecode.swift; path = OnboardingViewModel.swift; sourceTree = "<group>"; };
		9C85FF302E7340420085CEC1 /* WelcomeView.swift */ = {isa = PBXFileReference; lastKnownFileType = sourcecode.swift; path = WelcomeView.swift; sourceTree = "<group>"; };
		9C85FF322E73404B0085CEC1 /* OnboardingFlowView.swift */ = {isa = PBXFileReference; lastKnownFileType = sourcecode.swift; path = OnboardingFlowView.swift; sourceTree = "<group>"; };
		9C85FF342E7340580085CEC1 /* LoginView.swift */ = {isa = PBXFileReference; lastKnownFileType = sourcecode.swift; path = LoginView.swift; sourceTree = "<group>"; };
		9C85FF3A2E7340C80085CEC1 /* EditProfileView.swift */ = {isa = PBXFileReference; lastKnownFileType = sourcecode.swift; path = EditProfileView.swift; sourceTree = "<group>"; };
		9C85FF462E7349970085CEC1 /* EditProfileViewModel.swift */ = {isa = PBXFileReference; lastKnownFileType = sourcecode.swift; path = EditProfileViewModel.swift; sourceTree = "<group>"; };
		9C85FF4B2E734FA50085CEC1 /* WorkoutModels.swift */ = {isa = PBXFileReference; lastKnownFileType = sourcecode.swift; path = WorkoutModels.swift; sourceTree = "<group>"; };
		9C85FF502E734FDE0085CEC1 /* StartWorkoutViewModel.swift */ = {isa = PBXFileReference; lastKnownFileType = sourcecode.swift; path = StartWorkoutViewModel.swift; sourceTree = "<group>"; };
		9C85FF522E734FF90085CEC1 /* ProgressViewModel.swift */ = {isa = PBXFileReference; lastKnownFileType = sourcecode.swift; path = ProgressViewModel.swift; sourceTree = "<group>"; };
		9C85FF542E73502A0085CEC1 /* StartWorkoutView.swift */ = {isa = PBXFileReference; lastKnownFileType = sourcecode.swift; path = StartWorkoutView.swift; sourceTree = "<group>"; };
		9C85FF562E7350440085CEC1 /* ProgressDashboardView.swift */ = {isa = PBXFileReference; lastKnownFileType = sourcecode.swift; path = ProgressDashboardView.swift; sourceTree = "<group>"; };
		9CC5327A2E834C0B0018BFED /* OnboardingExperienceMatrixView.swift */ = {isa = PBXFileReference; lastKnownFileType = sourcecode.swift; path = OnboardingExperienceMatrixView.swift; sourceTree = "<group>"; };
/* End PBXFileReference section */

/* Begin PBXFileSystemSynchronizedRootGroup section */
		9C35F6EE2E70B349006EC7E2 /* REPS */ = {
			isa = PBXFileSystemSynchronizedRootGroup;
			path = REPS;
			sourceTree = "<group>";
		};
		9C35F6FF2E70B34A006EC7E2 /* REPSTests */ = {
			isa = PBXFileSystemSynchronizedRootGroup;
			path = REPSTests;
			sourceTree = "<group>";
		};
		9C35F7092E70B34A006EC7E2 /* REPSUITests */ = {
			isa = PBXFileSystemSynchronizedRootGroup;
			path = REPSUITests;
			sourceTree = "<group>";
		};
		9C85FF2D2E733FFD0085CEC1 /* Services */ = {
			isa = PBXFileSystemSynchronizedRootGroup;
			path = Services;
			sourceTree = "<group>";
		};
		9C85FF392E7340960085CEC1 /* UI */ = {
			isa = PBXFileSystemSynchronizedRootGroup;
			path = UI;
			sourceTree = "<group>";
		};
		9CD8C3AC2EB03F6D00F53CFF /* Support */ = {
			isa = PBXFileSystemSynchronizedRootGroup;
			path = Support;
			sourceTree = "<group>";
		};
/* End PBXFileSystemSynchronizedRootGroup section */

/* Begin PBXFrameworksBuildPhase section */
		9C35F6E92E70B349006EC7E2 /* Frameworks */ = {
			isa = PBXFrameworksBuildPhase;
			buildActionMask = 2147483647;
			files = (
			);
			runOnlyForDeploymentPostprocessing = 0;
		};
		9C35F6F92E70B34A006EC7E2 /* Frameworks */ = {
			isa = PBXFrameworksBuildPhase;
			buildActionMask = 2147483647;
			files = (
			);
			runOnlyForDeploymentPostprocessing = 0;
		};
		9C35F7032E70B34A006EC7E2 /* Frameworks */ = {
			isa = PBXFrameworksBuildPhase;
			buildActionMask = 2147483647;
			files = (
			);
			runOnlyForDeploymentPostprocessing = 0;
		};
/* End PBXFrameworksBuildPhase section */

/* Begin PBXGroup section */
		9C35F6E32E70B349006EC7E2 = {
			isa = PBXGroup;
			children = (
				9CD8C3AC2EB03F6D00F53CFF /* Support */,
				9C85FF392E7340960085CEC1 /* UI */,
				9C85FF2D2E733FFD0085CEC1 /* Services */,
				9C35F7192E70B3FE006EC7E2 /* Models */,
				9C35F71A2E70B3FE006EC7E2 /* ViewModels */,
				9C35F71B2E70B3FE006EC7E2 /* Views */,
				9C35F6EE2E70B349006EC7E2 /* REPS */,
				9C35F6FF2E70B34A006EC7E2 /* REPSTests */,
				9C35F7092E70B34A006EC7E2 /* REPSUITests */,
				9C35F6ED2E70B349006EC7E2 /* Products */,
			);
			sourceTree = "<group>";
		};
		9C35F6ED2E70B349006EC7E2 /* Products */ = {
			isa = PBXGroup;
			children = (
				9C35F6EC2E70B349006EC7E2 /* REPS.app */,
				9C35F6FC2E70B34A006EC7E2 /* REPSTests.xctest */,
				9C35F7062E70B34A006EC7E2 /* REPSUITests.xctest */,
			);
			name = Products;
			sourceTree = "<group>";
		};
		9C35F7192E70B3FE006EC7E2 /* Models */ = {
			isa = PBXGroup;
			children = (
				9C3BE2CE2E75F14B00A00C25 /* WeeklyPlan.swift */,
				9C85FF4B2E734FA50085CEC1 /* WorkoutModels.swift */,
				9C85FF2E2E7340280085CEC1 /* Models.swift */,
			);
			path = Models;
			sourceTree = "<group>";
		};
		9C35F71A2E70B3FE006EC7E2 /* ViewModels */ = {
			isa = PBXGroup;
			children = (
				9C85FF522E734FF90085CEC1 /* ProgressViewModel.swift */,
				9C85FF502E734FDE0085CEC1 /* StartWorkoutViewModel.swift */,
				9C85FF462E7349970085CEC1 /* EditProfileViewModel.swift */,
				9C85FF2F2E7340360085CEC1 /* OnboardingViewModel.swift */,
			);
			path = ViewModels;
			sourceTree = "<group>";
		};
		9C35F71B2E70B3FE006EC7E2 /* Views */ = {
			isa = PBXGroup;
			children = (
				9C7A69962E8F060F00BA5C4C /* Shell */,
				9CC5327A2E834C0B0018BFED /* OnboardingExperienceMatrixView.swift */,
				9C85FF562E7350440085CEC1 /* ProgressDashboardView.swift */,
				9C85FF542E73502A0085CEC1 /* StartWorkoutView.swift */,
				9C85FF342E7340580085CEC1 /* LoginView.swift */,
				9C85FF322E73404B0085CEC1 /* OnboardingFlowView.swift */,
				9C85FF302E7340420085CEC1 /* WelcomeView.swift */,
				9C35F71E2E70B452006EC7E2 /* WeeklyPlannerView.swift */,
				17B76B2EBA2A4805B54FE04AB364CB17 /* WeekPlanGrid.swift */,
				9C35F6F12E70B349006EC7E2 /* ContentView.swift */,
				9C85FF3A2E7340C80085CEC1 /* EditProfileView.swift */,
				9C3C9B432EB17DB000BFA20D /* WorkoutSessionView.swift */,
			);
			path = Views;
			sourceTree = "<group>";
		};
		9C7A69962E8F060F00BA5C4C /* Shell */ = {
			isa = PBXGroup;
			children = (
				9C7A69972E8F061D00BA5C4C /* AtlasTabRoot.swift */,
			);
			path = Shell;
			sourceTree = "<group>";
		};
/* End PBXGroup section */

/* Begin PBXNativeTarget section */
		9C35F6EB2E70B349006EC7E2 /* REPS */ = {
			isa = PBXNativeTarget;
			buildConfigurationList = 9C35F7102E70B34A006EC7E2 /* Build configuration list for PBXNativeTarget "REPS" */;
			buildPhases = (
				9C35F6E82E70B349006EC7E2 /* Sources */,
				9C35F6E92E70B349006EC7E2 /* Frameworks */,
				9C35F6EA2E70B349006EC7E2 /* Resources */,
			);
			buildRules = (
			);
			dependencies = (
			);
			fileSystemSynchronizedGroups = (
				9C35F6EE2E70B349006EC7E2 /* REPS */,
				9C85FF2D2E733FFD0085CEC1 /* Services */,
				9C85FF392E7340960085CEC1 /* UI */,
				9CD8C3AC2EB03F6D00F53CFF /* Support */,
			);
			name = REPS;
			packageProductDependencies = (
			);
			productName = REPS;
			productReference = 9C35F6EC2E70B349006EC7E2 /* REPS.app */;
			productType = "com.apple.product-type.application";
		};
		9C35F6FB2E70B34A006EC7E2 /* REPSTests */ = {
			isa = PBXNativeTarget;
			buildConfigurationList = 9C35F7132E70B34A006EC7E2 /* Build configuration list for PBXNativeTarget "REPSTests" */;
			buildPhases = (
				9C35F6F82E70B34A006EC7E2 /* Sources */,
				9C35F6F92E70B34A006EC7E2 /* Frameworks */,
				9C35F6FA2E70B34A006EC7E2 /* Resources */,
			);
			buildRules = (
			);
			dependencies = (
				9C35F6FE2E70B34A006EC7E2 /* PBXTargetDependency */,
			);
			fileSystemSynchronizedGroups = (
				9C35F6FF2E70B34A006EC7E2 /* REPSTests */,
			);
			name = REPSTests;
			packageProductDependencies = (
			);
			productName = REPSTests;
			productReference = 9C35F6FC2E70B34A006EC7E2 /* REPSTests.xctest */;
			productType = "com.apple.product-type.bundle.unit-test";
		};
		9C35F7052E70B34A006EC7E2 /* REPSUITests */ = {
			isa = PBXNativeTarget;
			buildConfigurationList = 9C35F7162E70B34A006EC7E2 /* Build configuration list for PBXNativeTarget "REPSUITests" */;
			buildPhases = (
				9C35F7022E70B34A006EC7E2 /* Sources */,
				9C35F7032E70B34A006EC7E2 /* Frameworks */,
				9C35F7042E70B34A006EC7E2 /* Resources */,
			);
			buildRules = (
			);
			dependencies = (
				9C35F7082E70B34A006EC7E2 /* PBXTargetDependency */,
			);
			fileSystemSynchronizedGroups = (
				9C35F7092E70B34A006EC7E2 /* REPSUITests */,
			);
			name = REPSUITests;
			packageProductDependencies = (
			);
			productName = REPSUITests;
			productReference = 9C35F7062E70B34A006EC7E2 /* REPSUITests.xctest */;
			productType = "com.apple.product-type.bundle.ui-testing";
		};
/* End PBXNativeTarget section */

/* Begin PBXProject section */
		9C35F6E42E70B349006EC7E2 /* Project object */ = {
			isa = PBXProject;
			attributes = {
				BuildIndependentTargetsInParallel = 1;
				LastSwiftUpdateCheck = 1620;
				LastUpgradeCheck = 2600;
				TargetAttributes = {
					9C35F6EB2E70B349006EC7E2 = {
						CreatedOnToolsVersion = 16.2;
					};
					9C35F6FB2E70B34A006EC7E2 = {
						CreatedOnToolsVersion = 16.2;
						TestTargetID = 9C35F6EB2E70B349006EC7E2;
					};
					9C35F7052E70B34A006EC7E2 = {
						CreatedOnToolsVersion = 16.2;
						TestTargetID = 9C35F6EB2E70B349006EC7E2;
					};
				};
			};
			buildConfigurationList = 9C35F6E72E70B349006EC7E2 /* Build configuration list for PBXProject "REPS" */;
			developmentRegion = en;
			hasScannedForEncodings = 0;
			knownRegions = (
				en,
				Base,
			);
			mainGroup = 9C35F6E32E70B349006EC7E2;
			minimizedProjectReferenceProxies = 1;
			preferredProjectObjectVersion = 77;
			productRefGroup = 9C35F6ED2E70B349006EC7E2 /* Products */;
			projectDirPath = "";
			projectRoot = "";
			targets = (
				9C35F6EB2E70B349006EC7E2 /* REPS */,
				9C35F6FB2E70B34A006EC7E2 /* REPSTests */,
				9C35F7052E70B34A006EC7E2 /* REPSUITests */,
			);
		};
/* End PBXProject section */

/* Begin PBXResourcesBuildPhase section */
		9C35F6EA2E70B349006EC7E2 /* Resources */ = {
			isa = PBXResourcesBuildPhase;
			buildActionMask = 2147483647;
			files = (
			);
			runOnlyForDeploymentPostprocessing = 0;
		};
		9C35F6FA2E70B34A006EC7E2 /* Resources */ = {
			isa = PBXResourcesBuildPhase;
			buildActionMask = 2147483647;
			files = (
			);
			runOnlyForDeploymentPostprocessing = 0;
		};
		9C35F7042E70B34A006EC7E2 /* Resources */ = {
			isa = PBXResourcesBuildPhase;
			buildActionMask = 2147483647;
			files = (
			);
			runOnlyForDeploymentPostprocessing = 0;
		};
/* End PBXResourcesBuildPhase section */

/* Begin PBXSourcesBuildPhase section */
		9C35F6E82E70B349006EC7E2 /* Sources */ = {
			isa = PBXSourcesBuildPhase;
			buildActionMask = 2147483647;
			files = (
				9C85FF4C2E734FAD0085CEC1 /* WorkoutModels.swift in Sources */,
				9C85FF552E7350330085CEC1 /* StartWorkoutView.swift in Sources */,
				9C85FF472E73499E0085CEC1 /* EditProfileViewModel.swift in Sources */,
				9C85FF312E7340480085CEC1 /* WelcomeView.swift in Sources */,
				9CC5327B2E834C180018BFED /* OnboardingExperienceMatrixView.swift in Sources */,
				9C85FF332E7340520085CEC1 /* OnboardingFlowView.swift in Sources */,
				9C3C9B442EB17DB800BFA20D /* WorkoutSessionView.swift in Sources */,
				9C85FF442E73458F0085CEC1 /* Models.swift in Sources */,
				9C85FF3B2E7340C80085CEC1 /* EditProfileView.swift in Sources */,
				9C85FF512E734FE50085CEC1 /* StartWorkoutViewModel.swift in Sources */,
				9C85FF532E7350090085CEC1 /* ProgressViewModel.swift in Sources */,
				9C3BE2CF2E75F15300A00C25 /* WeeklyPlan.swift in Sources */,
				9C7A69982E8F062200BA5C4C /* AtlasTabRoot.swift in Sources */,
				9C85FF452E73459A0085CEC1 /* OnboardingViewModel.swift in Sources */,
				9C85FF572E73504D0085CEC1 /* ProgressDashboardView.swift in Sources */,
				9C35F6F22E70B349006EC7E2 /* ContentView.swift in Sources */,
				9C85FF352E73405B0085CEC1 /* LoginView.swift in Sources */,
				9C35F71F2E70B459006EC7E2 /* WeeklyPlannerView.swift in Sources */,
				CCC5A44AC889468EB63BB4C6D2738959 /* WeekPlanGrid.swift in Sources */,
			);
			runOnlyForDeploymentPostprocessing = 0;
		};
		9C35F6F82E70B34A006EC7E2 /* Sources */ = {
			isa = PBXSourcesBuildPhase;
			buildActionMask = 2147483647;
			files = (
			);
			runOnlyForDeploymentPostprocessing = 0;
		};
		9C35F7022E70B34A006EC7E2 /* Sources */ = {
			isa = PBXSourcesBuildPhase;
			buildActionMask = 2147483647;
			files = (
			);
			runOnlyForDeploymentPostprocessing = 0;
		};
/* End PBXSourcesBuildPhase section */

/* Begin PBXTargetDependency section */
		9C35F6FE2E70B34A006EC7E2 /* PBXTargetDependency */ = {
			isa = PBXTargetDependency;
			target = 9C35F6EB2E70B349006EC7E2 /* REPS */;
			targetProxy = 9C35F6FD2E70B34A006EC7E2 /* PBXContainerItemProxy */;
		};
		9C35F7082E70B34A006EC7E2 /* PBXTargetDependency */ = {
			isa = PBXTargetDependency;
			target = 9C35F6EB2E70B349006EC7E2 /* REPS */;
			targetProxy = 9C35F7072E70B34A006EC7E2 /* PBXContainerItemProxy */;
		};
/* End PBXTargetDependency section */

/* Begin XCBuildConfiguration section */
		9C35F70E2E70B34A006EC7E2 /* Debug */ = {
			isa = XCBuildConfiguration;
			buildSettings = {
				ALWAYS_SEARCH_USER_PATHS = NO;
				ASSETCATALOG_COMPILER_GENERATE_SWIFT_ASSET_SYMBOL_EXTENSIONS = YES;
				CLANG_ANALYZER_NONNULL = YES;
				CLANG_ANALYZER_NUMBER_OBJECT_CONVERSION = YES_AGGRESSIVE;
				CLANG_CXX_LANGUAGE_STANDARD = "gnu++20";
				CLANG_ENABLE_MODULES = YES;
				CLANG_ENABLE_OBJC_ARC = YES;
				CLANG_ENABLE_OBJC_WEAK = YES;
				CLANG_WARN_BLOCK_CAPTURE_AUTORELEASING = YES;
				CLANG_WARN_BOOL_CONVERSION = YES;
				CLANG_WARN_COMMA = YES;
				CLANG_WARN_CONSTANT_CONVERSION = YES;
				CLANG_WARN_DEPRECATED_OBJC_IMPLEMENTATIONS = YES;
				CLANG_WARN_DIRECT_OBJC_ISA_USAGE = YES_ERROR;
				CLANG_WARN_DOCUMENTATION_COMMENTS = YES;
				CLANG_WARN_EMPTY_BODY = YES;
				CLANG_WARN_ENUM_CONVERSION = YES;
				CLANG_WARN_INFINITE_RECURSION = YES;
				CLANG_WARN_INT_CONVERSION = YES;
				CLANG_WARN_NON_LITERAL_NULL_CONVERSION = YES;
				CLANG_WARN_OBJC_IMPLICIT_RETAIN_SELF = YES;
				CLANG_WARN_OBJC_LITERAL_CONVERSION = YES;
				CLANG_WARN_OBJC_ROOT_CLASS = YES_ERROR;
				CLANG_WARN_QUOTED_INCLUDE_IN_FRAMEWORK_HEADER = YES;
				CLANG_WARN_RANGE_LOOP_ANALYSIS = YES;
				CLANG_WARN_STRICT_PROTOTYPES = YES;
				CLANG_WARN_SUSPICIOUS_MOVE = YES;
				CLANG_WARN_UNGUARDED_AVAILABILITY = YES_AGGRESSIVE;
				CLANG_WARN_UNREACHABLE_CODE = YES;
				CLANG_WARN__DUPLICATE_METHOD_MATCH = YES;
				COPY_PHASE_STRIP = NO;
				DEBUG_INFORMATION_FORMAT = dwarf;
				ENABLE_STRICT_OBJC_MSGSEND = YES;
				ENABLE_TESTABILITY = YES;
				ENABLE_USER_SCRIPT_SANDBOXING = YES;
				GCC_C_LANGUAGE_STANDARD = gnu17;
				GCC_DYNAMIC_NO_PIC = NO;
				GCC_NO_COMMON_BLOCKS = YES;
				GCC_OPTIMIZATION_LEVEL = 0;
				GCC_PREPROCESSOR_DEFINITIONS = (
					"DEBUG=1",
					"$(inherited)",
				);
				GCC_WARN_64_TO_32_BIT_CONVERSION = YES;
				GCC_WARN_ABOUT_RETURN_TYPE = YES_ERROR;
				GCC_WARN_UNDECLARED_SELECTOR = YES;
				GCC_WARN_UNINITIALIZED_AUTOS = YES_AGGRESSIVE;
				GCC_WARN_UNUSED_FUNCTION = YES;
				GCC_WARN_UNUSED_VARIABLE = YES;
				IPHONEOS_DEPLOYMENT_TARGET = 18.2;
				LOCALIZATION_PREFERS_STRING_CATALOGS = YES;
				MTL_ENABLE_DEBUG_INFO = INCLUDE_SOURCE;
				MTL_FAST_MATH = YES;
				ONLY_ACTIVE_ARCH = YES;
				SDKROOT = iphoneos;
				STRING_CATALOG_GENERATE_SYMBOLS = YES;
				SWIFT_ACTIVE_COMPILATION_CONDITIONS = "DEBUG $(inherited)";
				SWIFT_OPTIMIZATION_LEVEL = "-Onone";
			};
			name = Debug;
		};
		9C35F70F2E70B34A006EC7E2 /* Release */ = {
			isa = XCBuildConfiguration;
			buildSettings = {
				ALWAYS_SEARCH_USER_PATHS = NO;
				ASSETCATALOG_COMPILER_GENERATE_SWIFT_ASSET_SYMBOL_EXTENSIONS = YES;
				CLANG_ANALYZER_NONNULL = YES;
				CLANG_ANALYZER_NUMBER_OBJECT_CONVERSION = YES_AGGRESSIVE;
				CLANG_CXX_LANGUAGE_STANDARD = "gnu++20";
				CLANG_ENABLE_MODULES = YES;
				CLANG_ENABLE_OBJC_ARC = YES;
				CLANG_ENABLE_OBJC_WEAK = YES;
				CLANG_WARN_BLOCK_CAPTURE_AUTORELEASING = YES;
				CLANG_WARN_BOOL_CONVERSION = YES;
				CLANG_WARN_COMMA = YES;
				CLANG_WARN_CONSTANT_CONVERSION = YES;
				CLANG_WARN_DEPRECATED_OBJC_IMPLEMENTATIONS = YES;
				CLANG_WARN_DIRECT_OBJC_ISA_USAGE = YES_ERROR;
				CLANG_WARN_DOCUMENTATION_COMMENTS = YES;
				CLANG_WARN_EMPTY_BODY = YES;
				CLANG_WARN_ENUM_CONVERSION = YES;
				CLANG_WARN_INFINITE_RECURSION = YES;
				CLANG_WARN_INT_CONVERSION = YES;
				CLANG_WARN_NON_LITERAL_NULL_CONVERSION = YES;
				CLANG_WARN_OBJC_IMPLICIT_RETAIN_SELF = YES;
				CLANG_WARN_OBJC_LITERAL_CONVERSION = YES;
				CLANG_WARN_OBJC_ROOT_CLASS = YES_ERROR;
				CLANG_WARN_QUOTED_INCLUDE_IN_FRAMEWORK_HEADER = YES;
				CLANG_WARN_RANGE_LOOP_ANALYSIS = YES;
				CLANG_WARN_STRICT_PROTOTYPES = YES;
				CLANG_WARN_SUSPICIOUS_MOVE = YES;
				CLANG_WARN_UNGUARDED_AVAILABILITY = YES_AGGRESSIVE;
				CLANG_WARN_UNREACHABLE_CODE = YES;
				CLANG_WARN__DUPLICATE_METHOD_MATCH = YES;
				COPY_PHASE_STRIP = NO;
				DEBUG_INFORMATION_FORMAT = "dwarf-with-dsym";
				ENABLE_NS_ASSERTIONS = NO;
				ENABLE_STRICT_OBJC_MSGSEND = YES;
				ENABLE_USER_SCRIPT_SANDBOXING = YES;
				GCC_C_LANGUAGE_STANDARD = gnu17;
				GCC_NO_COMMON_BLOCKS = YES;
				GCC_WARN_64_TO_32_BIT_CONVERSION = YES;
				GCC_WARN_ABOUT_RETURN_TYPE = YES_ERROR;
				GCC_WARN_UNDECLARED_SELECTOR = YES;
				GCC_WARN_UNINITIALIZED_AUTOS = YES_AGGRESSIVE;
				GCC_WARN_UNUSED_FUNCTION = YES;
				GCC_WARN_UNUSED_VARIABLE = YES;
				IPHONEOS_DEPLOYMENT_TARGET = 18.2;
				LOCALIZATION_PREFERS_STRING_CATALOGS = YES;
				MTL_ENABLE_DEBUG_INFO = NO;
				MTL_FAST_MATH = YES;
				SDKROOT = iphoneos;
				STRING_CATALOG_GENERATE_SYMBOLS = YES;
				SWIFT_COMPILATION_MODE = wholemodule;
				VALIDATE_PRODUCT = YES;
			};
			name = Release;
		};
		9C35F7112E70B34A006EC7E2 /* Debug */ = {
			isa = XCBuildConfiguration;
			buildSettings = {
				ASSETCATALOG_COMPILER_APPICON_NAME = AppIcon;
				ASSETCATALOG_COMPILER_GLOBAL_ACCENT_COLOR_NAME = AccentColor;
				CODE_SIGN_ENTITLEMENTS = REPS/REPS.entitlements;
				CODE_SIGN_STYLE = Automatic;
				CURRENT_PROJECT_VERSION = 1;
				DEVELOPMENT_ASSET_PATHS = "\"REPS/Preview Content\"";
				DEVELOPMENT_TEAM = 4RCU277L6S;
				ENABLE_PREVIEWS = YES;
				GENERATE_INFOPLIST_FILE = YES;
				INFOPLIST_KEY_NSHealthShareUsageDescription = "REPS reads your workouts and weight to show meaningful progress.";
				INFOPLIST_KEY_NSHealthUpdateUsageDescription = "REPS writes your completed workouts so they appear in the Health app.";
				INFOPLIST_KEY_UIApplicationSceneManifest_Generation = YES;
				INFOPLIST_KEY_UIApplicationSupportsIndirectInputEvents = YES;
				INFOPLIST_KEY_UILaunchScreen_Generation = YES;
				INFOPLIST_KEY_UIStatusBarStyle = UIStatusBarStyleDarkContent;
				INFOPLIST_KEY_UISupportedInterfaceOrientations = UIInterfaceOrientationPortrait;
				IPHONEOS_DEPLOYMENT_TARGET = 17.6;
				LD_RUNPATH_SEARCH_PATHS = (
					"$(inherited)",
					"@executable_path/Frameworks",
				);
				MARKETING_VERSION = 1.0;
				PRODUCT_BUNDLE_IDENTIFIER = edu.cedarville.itm3300.ahill196.REPS;
				PRODUCT_NAME = "$(TARGET_NAME)";
				SUPPORTED_PLATFORMS = "iphoneos iphonesimulator";
				SUPPORTS_MACCATALYST = NO;
				SUPPORTS_MAC_DESIGNED_FOR_IPHONE_IPAD = NO;
				SUPPORTS_XR_DESIGNED_FOR_IPHONE_IPAD = NO;
				SWIFT_EMIT_LOC_STRINGS = YES;
				SWIFT_VERSION = 5.0;
				TARGETED_DEVICE_FAMILY = "1,2";
			};
			name = Debug;
		};
		9C35F7122E70B34A006EC7E2 /* Release */ = {
			isa = XCBuildConfiguration;
			buildSettings = {
				ASSETCATALOG_COMPILER_APPICON_NAME = AppIcon;
				ASSETCATALOG_COMPILER_GLOBAL_ACCENT_COLOR_NAME = AccentColor;
				CODE_SIGN_ENTITLEMENTS = REPS/REPS.entitlements;
				CODE_SIGN_STYLE = Automatic;
				CURRENT_PROJECT_VERSION = 1;
				DEVELOPMENT_ASSET_PATHS = "\"REPS/Preview Content\"";
				DEVELOPMENT_TEAM = 4RCU277L6S;
				ENABLE_PREVIEWS = YES;
				GENERATE_INFOPLIST_FILE = YES;
				INFOPLIST_KEY_NSHealthShareUsageDescription = "REPS reads your workouts and weight to show meaningful progress.";
				INFOPLIST_KEY_NSHealthUpdateUsageDescription = "REPS writes your completed workouts so they appear in the Health app.";
				INFOPLIST_KEY_UIApplicationSceneManifest_Generation = YES;
				INFOPLIST_KEY_UIApplicationSupportsIndirectInputEvents = YES;
				INFOPLIST_KEY_UILaunchScreen_Generation = YES;
				INFOPLIST_KEY_UIStatusBarStyle = UIStatusBarStyleDarkContent;
				INFOPLIST_KEY_UISupportedInterfaceOrientations = UIInterfaceOrientationPortrait;
				IPHONEOS_DEPLOYMENT_TARGET = 17.6;
				LD_RUNPATH_SEARCH_PATHS = (
					"$(inherited)",
					"@executable_path/Frameworks",
				);
				MARKETING_VERSION = 1.0;
				PRODUCT_BUNDLE_IDENTIFIER = edu.cedarville.itm3300.ahill196.REPS;
				PRODUCT_NAME = "$(TARGET_NAME)";
				SUPPORTED_PLATFORMS = "iphoneos iphonesimulator";
				SUPPORTS_MACCATALYST = NO;
				SUPPORTS_MAC_DESIGNED_FOR_IPHONE_IPAD = NO;
				SUPPORTS_XR_DESIGNED_FOR_IPHONE_IPAD = NO;
				SWIFT_EMIT_LOC_STRINGS = YES;
				SWIFT_VERSION = 5.0;
				TARGETED_DEVICE_FAMILY = "1,2";
			};
			name = Release;
		};
		9C35F7142E70B34A006EC7E2 /* Debug */ = {
			isa = XCBuildConfiguration;
			buildSettings = {
				BUNDLE_LOADER = "$(TEST_HOST)";
				CODE_SIGN_STYLE = Automatic;
				CURRENT_PROJECT_VERSION = 1;
				GENERATE_INFOPLIST_FILE = YES;
				IPHONEOS_DEPLOYMENT_TARGET = 18.2;
				MARKETING_VERSION = 1.0;
				PRODUCT_BUNDLE_IDENTIFIER = edu.cedarville.itm3300.ahill196.REPSTests;
				PRODUCT_NAME = "$(TARGET_NAME)";
				SWIFT_EMIT_LOC_STRINGS = NO;
				SWIFT_VERSION = 5.0;
				TARGETED_DEVICE_FAMILY = "1,2";
				TEST_HOST = "$(BUILT_PRODUCTS_DIR)/REPS.app/$(BUNDLE_EXECUTABLE_FOLDER_PATH)/REPS";
			};
			name = Debug;
		};
		9C35F7152E70B34A006EC7E2 /* Release */ = {
			isa = XCBuildConfiguration;
			buildSettings = {
				BUNDLE_LOADER = "$(TEST_HOST)";
				CODE_SIGN_STYLE = Automatic;
				CURRENT_PROJECT_VERSION = 1;
				GENERATE_INFOPLIST_FILE = YES;
				IPHONEOS_DEPLOYMENT_TARGET = 18.2;
				MARKETING_VERSION = 1.0;
				PRODUCT_BUNDLE_IDENTIFIER = edu.cedarville.itm3300.ahill196.REPSTests;
				PRODUCT_NAME = "$(TARGET_NAME)";
				SWIFT_EMIT_LOC_STRINGS = NO;
				SWIFT_VERSION = 5.0;
				TARGETED_DEVICE_FAMILY = "1,2";
				TEST_HOST = "$(BUILT_PRODUCTS_DIR)/REPS.app/$(BUNDLE_EXECUTABLE_FOLDER_PATH)/REPS";
			};
			name = Release;
		};
		9C35F7172E70B34A006EC7E2 /* Debug */ = {
			isa = XCBuildConfiguration;
			buildSettings = {
				CODE_SIGN_STYLE = Automatic;
				CURRENT_PROJECT_VERSION = 1;
				GENERATE_INFOPLIST_FILE = YES;
				MARKETING_VERSION = 1.0;
				PRODUCT_BUNDLE_IDENTIFIER = edu.cedarville.itm3300.ahill196.REPSUITests;
				PRODUCT_NAME = "$(TARGET_NAME)";
				SWIFT_EMIT_LOC_STRINGS = NO;
				SWIFT_VERSION = 5.0;
				TARGETED_DEVICE_FAMILY = "1,2";
				TEST_TARGET_NAME = REPS;
			};
			name = Debug;
		};
		9C35F7182E70B34A006EC7E2 /* Release */ = {
			isa = XCBuildConfiguration;
			buildSettings = {
				CODE_SIGN_STYLE = Automatic;
				CURRENT_PROJECT_VERSION = 1;
				GENERATE_INFOPLIST_FILE = YES;
				MARKETING_VERSION = 1.0;
				PRODUCT_BUNDLE_IDENTIFIER = edu.cedarville.itm3300.ahill196.REPSUITests;
				PRODUCT_NAME = "$(TARGET_NAME)";
				SWIFT_EMIT_LOC_STRINGS = NO;
				SWIFT_VERSION = 5.0;
				TARGETED_DEVICE_FAMILY = "1,2";
				TEST_TARGET_NAME = REPS;
			};
			name = Release;
		};
/* End XCBuildConfiguration section */

/* Begin XCConfigurationList section */
		9C35F6E72E70B349006EC7E2 /* Build configuration list for PBXProject "REPS" */ = {
			isa = XCConfigurationList;
			buildConfigurations = (
				9C35F70E2E70B34A006EC7E2 /* Debug */,
				9C35F70F2E70B34A006EC7E2 /* Release */,
			);
			defaultConfigurationIsVisible = 0;
			defaultConfigurationName = Release;
		};
		9C35F7102E70B34A006EC7E2 /* Build configuration list for PBXNativeTarget "REPS" */ = {
			isa = XCConfigurationList;
			buildConfigurations = (
				9C35F7112E70B34A006EC7E2 /* Debug */,
				9C35F7122E70B34A006EC7E2 /* Release */,
			);
			defaultConfigurationIsVisible = 0;
			defaultConfigurationName = Release;
		};
		9C35F7132E70B34A006EC7E2 /* Build configuration list for PBXNativeTarget "REPSTests" */ = {
			isa = XCConfigurationList;
			buildConfigurations = (
				9C35F7142E70B34A006EC7E2 /* Debug */,
				9C35F7152E70B34A006EC7E2 /* Release */,
			);
			defaultConfigurationIsVisible = 0;
			defaultConfigurationName = Release;
		};
		9C35F7162E70B34A006EC7E2 /* Build configuration list for PBXNativeTarget "REPSUITests" */ = {
			isa = XCConfigurationList;
			buildConfigurations = (
				9C35F7172E70B34A006EC7E2 /* Debug */,
				9C35F7182E70B34A006EC7E2 /* Release */,
			);
			defaultConfigurationIsVisible = 0;
			defaultConfigurationName = Release;
		};
/* End XCConfigurationList section */
	};
	rootObject = 9C35F6E42E70B349006EC7E2 /* Project object */;
}
